
Microsoft Visual Studio Solution File, Format Version 12.00
# Visual Studio 14
VisualStudioVersion = 14.0.25420.1
MinimumVisualStudioVersion = 10.0.40219.1
Project("{FAE04EC0-301F-11D3-BF4B-00C04F79EFBC}") = "Steering Behavior", "Steering Behavior\Steering Behavior.csproj", "{D569AF09-9266-4B55-9085-DC1F50ADB8FF}"
EndProject
Global
	GlobalSection(SolutionConfigurationPlatforms) = preSolution
		Debug|x86 = Debug|x86
		Release|x86 = Release|x86
	EndGlobalSection
	GlobalSection(ProjectConfigurationPlatforms) = postSolution
		{D569AF09-9266-4B55-9085-DC1F50ADB8FF}.Debug|x86.ActiveCfg = Debug|x86
		{D569AF09-9266-4B55-9085-DC1F50ADB8FF}.Debug|x86.Build.0 = Debug|x86
		{D569AF09-9266-4B55-9085-DC1F50ADB8FF}.Release|x86.ActiveCfg = Release|x86
		{D569AF09-9266-4B55-9085-DC1F50ADB8FF}.Release|x86.Build.0 = Release|x86
	EndGlobalSection
	GlobalSection(SolutionProperties) = preSolution
		HideSolutionNode = FALSE
	EndGlobalSection
EndGlobal
